
Microsoft Visual Studio Solution File, Format Version 12.00
# Visual Studio Version 17
VisualStudioVersion = 17.5.33502.453
MinimumVisualStudioVersion = 10.0.40219.1
Project("{2150E333-8FDC-42A3-9474-1A3956D46DE8}") = "src", "src", "{48A7FB1A-1F38-433D-AB23-6DB2BD2AA815}"
EndProject
Project("{2150E333-8FDC-42A3-9474-1A3956D46DE8}") = "1-Domain", "1-Domain", "{CE33CB07-F099-43D6-B030-3E75D6AFB9EA}"
EndProject
Project("{2150E333-8FDC-42A3-9474-1A3956D46DE8}") = "2-Infrastructure", "2-Infrastructure", "{8F90BDCA-3284-4744-9830-0D5CA6AED3B9}"
EndProject
Project("{2150E333-8FDC-42A3-9474-1A3956D46DE8}") = "3-EndPoints", "3-EndPoints", "{36C66A99-C231-4E14-A520-C0601AB9D6BB}"
EndProject
Project("{2150E333-8FDC-42A3-9474-1A3956D46DE8}") = "Core", "Core", "{FC02C4D6-E70C-4E79-8E79-E28E9F454D49}"
EndProject
Project("{2150E333-8FDC-42A3-9474-1A3956D46DE8}") = "Services", "Services", "{B4ABBCDA-6AB1-4ABC-845B-50584046B76C}"
EndProject
Project("{9A19103F-16F7-4668-BE54-9A1E7A4F7556}") = "App.Domain.Core", "App.Domain.Core\App.Domain.Core.csproj", "{5C66B8FD-2C3F-489C-8FAA-94170CCEDB1F}"
EndProject
Project("{9A19103F-16F7-4668-BE54-9A1E7A4F7556}") = "App.Infra.EfCore", "App.Infra.EfCore\App.Infra.EfCore.csproj", "{20AB9AFA-B7C8-4AA9-A088-61259DC43576}"
EndProject
Project("{9A19103F-16F7-4668-BE54-9A1E7A4F7556}") = "App.Domain.Services.Service", "App.Domain.Services.Service\App.Domain.Services.Service.csproj", "{2164AD08-D355-49B9-9722-4F27722F9BD0}"
EndProject
Project("{9A19103F-16F7-4668-BE54-9A1E7A4F7556}") = "App.Domain.Services.AppService", "App.Domain.Services.AppService\App.Domain.Services.AppService.csproj", "{E20A6AB7-3AE2-4A4A-A7E0-1FBE26122C41}"
EndProject
Project("{9A19103F-16F7-4668-BE54-9A1E7A4F7556}") = "App.EndPoints.ConsoleApp", "App.EndPoints.ConsoleApp\App.EndPoints.ConsoleApp.csproj", "{54122829-925A-4837-8644-CC253E3821AD}"
EndProject
Project("{9A19103F-16F7-4668-BE54-9A1E7A4F7556}") = "App.EndPoints.MVC", "App.EndPoints.MVC\App.EndPoints.MVC.csproj", "{01BB2BCE-9631-4F14-B533-CF88B51CCD52}"
EndProject
Project("{9A19103F-16F7-4668-BE54-9A1E7A4F7556}") = "App.Infra.Db", "App.Infra.Db\App.Infra.Db.csproj", "{9F873AD3-8287-46DC-A6FF-A3B23B64F5E8}"
EndProject
Project("{FAE04EC0-301F-11D3-BF4B-00C04F79EFBC}") = "App.Infra.File", "App.Infra.File\App.Infra.File.csproj", "{38A4F16B-302B-470A-9FF5-82EE47F92BAF}"
EndProject
Global
	GlobalSection(SolutionConfigurationPlatforms) = preSolution
		Debug|Any CPU = Debug|Any CPU
		Release|Any CPU = Release|Any CPU
	EndGlobalSection
	GlobalSection(ProjectConfigurationPlatforms) = postSolution
		{5C66B8FD-2C3F-489C-8FAA-94170CCEDB1F}.Debug|Any CPU.ActiveCfg = Debug|Any CPU
		{5C66B8FD-2C3F-489C-8FAA-94170CCEDB1F}.Debug|Any CPU.Build.0 = Debug|Any CPU
		{5C66B8FD-2C3F-489C-8FAA-94170CCEDB1F}.Release|Any CPU.ActiveCfg = Release|Any CPU
		{5C66B8FD-2C3F-489C-8FAA-94170CCEDB1F}.Release|Any CPU.Build.0 = Release|Any CPU
		{20AB9AFA-B7C8-4AA9-A088-61259DC43576}.Debug|Any CPU.ActiveCfg = Debug|Any CPU
		{20AB9AFA-B7C8-4AA9-A088-61259DC43576}.Debug|Any CPU.Build.0 = Debug|Any CPU
		{20AB9AFA-B7C8-4AA9-A088-61259DC43576}.Release|Any CPU.ActiveCfg = Release|Any CPU
		{20AB9AFA-B7C8-4AA9-A088-61259DC43576}.Release|Any CPU.Build.0 = Release|Any CPU
		{2164AD08-D355-49B9-9722-4F27722F9BD0}.Debug|Any CPU.ActiveCfg = Debug|Any CPU
		{2164AD08-D355-49B9-9722-4F27722F9BD0}.Debug|Any CPU.Build.0 = Debug|Any CPU
		{2164AD08-D355-49B9-9722-4F27722F9BD0}.Release|Any CPU.ActiveCfg = Release|Any CPU
		{2164AD08-D355-49B9-9722-4F27722F9BD0}.Release|Any CPU.Build.0 = Release|Any CPU
		{E20A6AB7-3AE2-4A4A-A7E0-1FBE26122C41}.Debug|Any CPU.ActiveCfg = Debug|Any CPU
		{E20A6AB7-3AE2-4A4A-A7E0-1FBE26122C41}.Debug|Any CPU.Build.0 = Debug|Any CPU
		{E20A6AB7-3AE2-4A4A-A7E0-1FBE26122C41}.Release|Any CPU.ActiveCfg = Release|Any CPU
		{E20A6AB7-3AE2-4A4A-A7E0-1FBE26122C41}.Release|Any CPU.Build.0 = Release|Any CPU
		{54122829-925A-4837-8644-CC253E3821AD}.Debug|Any CPU.ActiveCfg = Debug|Any CPU
		{54122829-925A-4837-8644-CC253E3821AD}.Debug|Any CPU.Build.0 = Debug|Any CPU
		{54122829-925A-4837-8644-CC253E3821AD}.Release|Any CPU.ActiveCfg = Release|Any CPU
		{54122829-925A-4837-8644-CC253E3821AD}.Release|Any CPU.Build.0 = Release|Any CPU
		{01BB2BCE-9631-4F14-B533-CF88B51CCD52}.Debug|Any CPU.ActiveCfg = Debug|Any CPU
		{01BB2BCE-9631-4F14-B533-CF88B51CCD52}.Debug|Any CPU.Build.0 = Debug|Any CPU
		{01BB2BCE-9631-4F14-B533-CF88B51CCD52}.Release|Any CPU.ActiveCfg = Release|Any CPU
		{01BB2BCE-9631-4F14-B533-CF88B51CCD52}.Release|Any CPU.Build.0 = Release|Any CPU
		{9F873AD3-8287-46DC-A6FF-A3B23B64F5E8}.Debug|Any CPU.ActiveCfg = Debug|Any CPU
		{9F873AD3-8287-46DC-A6FF-A3B23B64F5E8}.Debug|Any CPU.Build.0 = Debug|Any CPU
		{9F873AD3-8287-46DC-A6FF-A3B23B64F5E8}.Release|Any CPU.ActiveCfg = Release|Any CPU
		{9F873AD3-8287-46DC-A6FF-A3B23B64F5E8}.Release|Any CPU.Build.0 = Release|Any CPU
		{38A4F16B-302B-470A-9FF5-82EE47F92BAF}.Debug|Any CPU.ActiveCfg = Debug|Any CPU
		{38A4F16B-302B-470A-9FF5-82EE47F92BAF}.Debug|Any CPU.Build.0 = Debug|Any CPU
		{38A4F16B-302B-470A-9FF5-82EE47F92BAF}.Release|Any CPU.ActiveCfg = Release|Any CPU
		{38A4F16B-302B-470A-9FF5-82EE47F92BAF}.Release|Any CPU.Build.0 = Release|Any CPU
	EndGlobalSection
	GlobalSection(SolutionProperties) = preSolution
		HideSolutionNode = FALSE
	EndGlobalSection
	GlobalSection(NestedProjects) = preSolution
		{CE33CB07-F099-43D6-B030-3E75D6AFB9EA} = {48A7FB1A-1F38-433D-AB23-6DB2BD2AA815}
		{8F90BDCA-3284-4744-9830-0D5CA6AED3B9} = {48A7FB1A-1F38-433D-AB23-6DB2BD2AA815}
		{36C66A99-C231-4E14-A520-C0601AB9D6BB} = {48A7FB1A-1F38-433D-AB23-6DB2BD2AA815}
		{FC02C4D6-E70C-4E79-8E79-E28E9F454D49} = {CE33CB07-F099-43D6-B030-3E75D6AFB9EA}
		{B4ABBCDA-6AB1-4ABC-845B-50584046B76C} = {CE33CB07-F099-43D6-B030-3E75D6AFB9EA}
		{5C66B8FD-2C3F-489C-8FAA-94170CCEDB1F} = {FC02C4D6-E70C-4E79-8E79-E28E9F454D49}
		{20AB9AFA-B7C8-4AA9-A088-61259DC43576} = {8F90BDCA-3284-4744-9830-0D5CA6AED3B9}
		{2164AD08-D355-49B9-9722-4F27722F9BD0} = {B4ABBCDA-6AB1-4ABC-845B-50584046B76C}
		{E20A6AB7-3AE2-4A4A-A7E0-1FBE26122C41} = {B4ABBCDA-6AB1-4ABC-845B-50584046B76C}
		{54122829-925A-4837-8644-CC253E3821AD} = {36C66A99-C231-4E14-A520-C0601AB9D6BB}
		{01BB2BCE-9631-4F14-B533-CF88B51CCD52} = {36C66A99-C231-4E14-A520-C0601AB9D6BB}
		{9F873AD3-8287-46DC-A6FF-A3B23B64F5E8} = {8F90BDCA-3284-4744-9830-0D5CA6AED3B9}
		{38A4F16B-302B-470A-9FF5-82EE47F92BAF} = {8F90BDCA-3284-4744-9830-0D5CA6AED3B9}
	EndGlobalSection
	GlobalSection(ExtensibilityGlobals) = postSolution
		SolutionGuid = {95677B39-FDB4-496F-9C1F-EA809BBE71DA}
	EndGlobalSection
EndGlobal
